
Microsoft Visual Studio Solution File, Format Version 12.00
# Visual Studio 15
VisualStudioVersion = 15.0.28307.572
MinimumVisualStudioVersion = 10.0.40219.1
Project("{FAE04EC0-301F-11D3-BF4B-00C04F79EFBC}") = "PurgeAndOrganize", "PurgeAndOrganize\PurgeAndOrganize.csproj", "{DC0D4754-3D0A-4E80-B41D-AC929BED918B}"
EndProject
Global
	GlobalSection(SolutionConfigurationPlatforms) = preSolution
		Debug|Any CPU = Debug|Any CPU
		Release|Any CPU = Release|Any CPU
	EndGlobalSection
	GlobalSection(ProjectConfigurationPlatforms) = postSolution
		{DC0D4754-3D0A-4E80-B41D-AC929BED918B}.Debug|Any CPU.ActiveCfg = Debug|Any CPU
		{DC0D4754-3D0A-4E80-B41D-AC929BED918B}.Debug|Any CPU.Build.0 = Debug|Any CPU
		{DC0D4754-3D0A-4E80-B41D-AC929BED918B}.Release|Any CPU.ActiveCfg = Release|Any CPU
		{DC0D4754-3D0A-4E80-B41D-AC929BED918B}.Release|Any CPU.Build.0 = Release|Any CPU
	EndGlobalSection
	GlobalSection(SolutionProperties) = preSolution
		HideSolutionNode = FALSE
	EndGlobalSection
	GlobalSection(ExtensibilityGlobals) = postSolution
		SolutionGuid = {2DB869D2-DF5C-45E5-8184-70053CF7669E}
	EndGlobalSection
EndGlobal
